dependencies:
  espressif/button:
    component_hash: 5357a6a2c0c47fa67eb9a4dad8cbd78f848d05409b3557e49ec9948898655cfb
    dependencies:
    - name: idf
      require: private
      version: '>=4.0'
    - name: espressif/cmake_utilities
      registry_url: https://components.espressif.com
      require: private
      version: 0.*
    source:
      registry_url: https://components.espressif.com/
      type: service
    version: 3.4.0
  espressif/cmake_utilities:
    component_hash: 351350613ceafba240b761b4ea991e0f231ac7a9f59a9ee901f751bddc0bb18f
    dependencies:
    - name: idf
      registry_url: https://components.espressif.com
      require: private
      version: '>=4.1'
    source:
      registry_url: https://components.espressif.com
      type: service
    version: 0.5.3
  espressif/esp32-camera:
    component_hash: a82de4ee0b383bd34695935385c6a6c720129084580c2bbb55dce76eb2a3788f
    dependencies: []
    source:
      registry_url: https://components.espressif.com/
      type: service
    version: 2.0.13
  espressif/esp32_s3_eye:
    component_hash: 706d0c459ebc1202657f53c2c75f377b7fcfcf2d38667a5ab88af5a60e6666e9
    dependencies:
    - name: idf
      registry_url: https://components.espressif.com
      require: private
      version: '>=4.4.5'
    - name: espressif/esp_lvgl_port
      registry_url: https://components.espressif.com
      require: public
      version: ^2
    - name: espressif/esp_codec_dev
      registry_url: https://components.espressif.com
      require: public
      version: ^1,<1.2
    - name: espressif/esp32-camera
      registry_url: https://components.espressif.com
      require: public
      version: ^2.0.2
    - name: espressif/button
      registry_url: https://components.espressif.com
      require: public
      version: '>=2.5,<4.0'
    source:
      registry_url: https://components.espressif.com/
      type: service
    targets:
    - esp32s3
    version: 3.1.0~1
  espressif/esp_codec_dev:
    component_hash: 1a3a2e518cd8b52e8796ec393a4050977f8f113599056faf085a02a57e194f86
    dependencies:
    - name: idf
      registry_url: https://components.espressif.com
      require: private
      version: '>=4.0'
    source:
      registry_url: https://components.espressif.com
      type: service
    version: 1.1.0
  espressif/esp_lvgl_port:
    component_hash: 7aa8ec9fd418b90efe2d89164b758893c5dad47628ed1d578c52b3b7e89000b9
    dependencies:
    - name: idf
      require: private
      version: '>=4.4'
    - name: lvgl/lvgl
      registry_url: https://components.espressif.com
      require: public
      version: '>=8,<10'
    source:
      registry_url: https://components.espressif.com/
      type: service
    version: 2.4.2
  fasani/ft6x36-l58:
    component_hash: c5bb3091adc327dff67b991b82098ccf5f59b87728e92a5ac558d91b7aee997e
    dependencies: []
    source:
      registry_url: https://components.espressif.com/
      type: service
    version: 1.3.0
  idf:
    source:
      type: idf
    version: 5.3.1
  lvgl/lvgl:
    component_hash: 096c69af22eaf8a2b721e3913da91918c5e6bf1a762a113ec01f401aa61337a0
    dependencies: []
    source:
      registry_url: https://components.espressif.com
      type: service
    version: 9.2.2
direct_dependencies:
- espressif/button
- espressif/esp32-camera
- espressif/esp32_s3_eye
- espressif/esp_lvgl_port
- fasani/ft6x36-l58
- idf
manifest_hash: f49a6ac5a2edaf07ddb358a285bcdc044cec3045eb98a021d2bdc13131a5518e
target: esp32s3
version: 2.0.0
